{
  "name": "test-formatter",
  "version": "1.0.0",
  "lockfileVersion": 3,
  "requires": true,
  "packages": {
    "": {
      "name": "test-formatter",
      "version": "1.0.0",
      "license": "ISC",
      "dependencies": {
        "@martindev237/file-size-formatter": "^1.0.0"
      }
    },
    "node_modules/@martindev237/file-size-formatter": {
      "version": "1.0.0",
      "resolved": "https://registry.npmjs.org/@martindev237/file-size-formatter/-/file-size-formatter-1.0.0.tgz",
      "integrity": "sha512-vdw+SoCIBUwGpgam7CYcyX6tPdbhOg7UoxjObO8UpEaUIVR3QZPMtNf4ZvySq6cNEijZfW7Q4xqM8E4KzG9RWA=="
    }
  }
}
